Microsoft Visual Studio Solution File, Format Version 12.00
# Visual Studio Version 17
VisualStudioVersion = 17.5.2.0
MinimumVisualStudioVersion = 10.0.40219.1
Project("{FAE04EC0-301F-11D3-BF4B-00C04F79EFBC}") = "HospitalBackend", "HospitalBackend.csproj", "{B6445A49-36CF-B3E4-6951-9291C454FA0A}"
EndProject
Global
	GlobalSection(SolutionConfigurationPlatforms) = preSolution
		Debug|Any CPU = Debug|Any CPU
		Release|Any CPU = Release|Any CPU
	EndGlobalSection
	GlobalSection(ProjectConfigurationPlatforms) = postSolution
		{B6445A49-36CF-B3E4-6951-9291C454FA0A}.Debug|Any CPU.ActiveCfg = Debug|Any CPU
		{B6445A49-36CF-B3E4-6951-9291C454FA0A}.Debug|Any CPU.Build.0 = Debug|Any CPU
		{B6445A49-36CF-B3E4-6951-9291C454FA0A}.Release|Any CPU.ActiveCfg = Release|Any CPU
		{B6445A49-36CF-B3E4-6951-9291C454FA0A}.Release|Any CPU.Build.0 = Release|Any CPU
	EndGlobalSection
	GlobalSection(SolutionProperties) = preSolution
		HideSolutionNode = FALSE
	EndGlobalSection
	GlobalSection(ExtensibilityGlobals) = postSolution
		SolutionGuid = {1519ABD2-3367-4686-A69B-490EFCA49012}
	EndGlobalSection
EndGlobal
